# This file is automatically @generated by Cargo.
# It is not intended for manual editing.
[[package]]
name = "atk-sys"
version = "0.4.0"
source = "registry+https://github.com/rust-lang/crates.io-index"
checksum = "c69658a4e18d5c9575f716e24559645d08a4044d6946c30c2e0025952c84d842"
dependencies = [
 "bitflags",
 "glib-sys",
 "gobject-sys",
 "libc",
 "pkg-config",
]

[[package]]
name = "bitflags"
version = "0.9.1"
source = "registry+https://github.com/rust-lang/crates.io-index"
checksum = "4efd02e230a02e18f92fc2735f44597385ed02ad8f831e7c1c1156ee5e1ab3a5"

[[package]]
name = "c_vec"
version = "1.2.1"
source = "registry+https://github.com/rust-lang/crates.io-index"
checksum = "6237ac5a4b1e81c213c24c6437964c61e646df910a914b4ab1487b46df20bd13"

[[package]]
name = "cairo-rs"
version = "0.2.0"
source = "registry+https://github.com/rust-lang/crates.io-index"
checksum = "a9d336f1b2ff46c17475a14360de7f456707008da475c54824887e52e453ab00"
dependencies = [
 "c_vec",
 "cairo-sys-rs",
 "glib",
 "glib-sys",
 "libc",
 "winapi",
]

[[package]]
name = "cairo-sys-rs"
version = "0.4.0"
source = "registry+https://github.com/rust-lang/crates.io-index"
checksum = "9e8a1e2a76ac09b959788c2c30a355d693ce6f7f7d7268f6d1dd5d8c3359c521"
dependencies = [
 "libc",
 "pkg-config",
 "winapi",
]

[[package]]
name = "crunchy"
version = "0.2.2"
source = "registry+https://github.com/rust-lang/crates.io-index"
checksum = "7a81dae078cea95a014a339291cec439d2f232ebe854a9d672b796c6afafa9b7"

[[package]]
name = "eddit"
version = "0.1.0"
dependencies = [
 "gdk",
 "gio",
 "gtk",
 "pango",
 "sourceview",
 "tiny-keccak",
]

[[package]]
name = "gdk"
version = "0.6.0"
source = "registry+https://github.com/rust-lang/crates.io-index"
checksum = "f30018ecbbb1e6f1d59c4024ec08675850744b799abc5420be0629ac9ba0abd2"
dependencies = [
 "bitflags",
 "cairo-rs",
 "cairo-sys-rs",
 "gdk-pixbuf",
 "gdk-sys",
 "gio",
 "glib",
 "glib-sys",
 "gobject-sys",
 "libc",
 "pango",
]

[[package]]
name = "gdk-pixbuf"
version = "0.2.0"
source = "registry+https://github.com/rust-lang/crates.io-index"
checksum = "caf05dab73febcc6e90abaff8f24cfe1cf1bd2222cd648ddfe337bf3b994489f"
dependencies = [
 "gdk-pixbuf-sys",
 "glib",
 "glib-sys",
 "gobject-sys",
 "libc",
]

[[package]]
name = "gdk-pixbuf-sys"
version = "0.4.0"
source = "registry+https://github.com/rust-lang/crates.io-index"
checksum = "85eb441420653b33e5a29d13227ea34995383e65bf4f33b16492ec95e44a8996"
dependencies = [
 "bitflags",
 "gio-sys",
 "glib-sys",
 "gobject-sys",
 "libc",
 "pkg-config",
]

[[package]]
name = "gdk-sys"
version = "0.4.0"
source = "registry+https://github.com/rust-lang/crates.io-index"
checksum = "679d86da2a4522a623e3ce4b67f2126a12e057a1f7269eee7028199f78b5a854"
dependencies = [
 "bitflags",
 "cairo-sys-rs",
 "gdk-pixbuf-sys",
 "gio-sys",
 "glib-sys",
 "gobject-sys",
 "libc",
 "pango-sys",
 "pkg-config",
]

[[package]]
name = "gio"
version = "0.2.0"
source = "registry+https://github.com/rust-lang/crates.io-index"
checksum = "b7bc3126c94109e65871e4228b990d1ea2953259483d5b06eb96e8b36a7bf196"
dependencies = [
 "bitflags",
 "gio-sys",
 "glib",
 "glib-sys",
 "gobject-sys",
 "libc",
]

[[package]]
name = "gio-sys"
version = "0.4.0"
source = "registry+https://github.com/rust-lang/crates.io-index"
checksum = "189969f8189604c371d42b613d928c9d17fcfbf6e175d6b0ce9475a950f76dc6"
dependencies = [
 "bitflags",
 "glib-sys",
 "gobject-sys",
 "libc",
 "pkg-config",
]

[[package]]
name = "glib"
version = "0.3.1"
source = "registry+https://github.com/rust-lang/crates.io-index"
checksum = "d4da1d7f4bdc5c708d8ce4df1ac440dcb2f9d97d937c989032185a48aeef1d10"
dependencies = [
 "bitflags",
 "glib-sys",
 "gobject-sys",
 "lazy_static",
 "libc",
]

[[package]]
name = "glib-sys"
version = "0.4.0"
source = "registry+https://github.com/rust-lang/crates.io-index"
checksum = "cdd7d911c5dc610aabe37caae7d3b9d2cfe6d8f4c85ff4c062f3d6f490e75067"
dependencies = [
 "bitflags",
 "libc",
 "pkg-config",
]

[[package]]
name = "gobject-sys"
version = "0.4.0"
source = "registry+https://github.com/rust-lang/crates.io-index"
checksum = "edc95561e538381576425264a4ddd08c65d5da218f10b2a47b4479dd147775da"
dependencies = [
 "bitflags",
 "glib-sys",
 "libc",
 "pkg-config",
]

[[package]]
name = "gtk"
version = "0.2.0"
source = "registry+https://github.com/rust-lang/crates.io-index"
checksum = "ce17f98e7dcdc9d06b3a5f7621d796a24937c04953481205b1be267c5a02697a"
dependencies = [
 "bitflags",
 "cairo-rs",
 "cairo-sys-rs",
 "gdk",
 "gdk-pixbuf",
 "gdk-pixbuf-sys",
 "gdk-sys",
 "gio",
 "gio-sys",
 "glib",
 "glib-sys",
 "gobject-sys",
 "gtk-sys",
 "libc",
 "pango",
]

[[package]]
name = "gtk-source-sys"
version = "0.4.2"
source = "registry+https://github.com/rust-lang/crates.io-index"
checksum = "048c67ec0f9286bae3cd680ab703f53521ca262e53e76fb32f257825936bfdc2"
dependencies = [
 "bitflags",
 "cairo-sys-rs",
 "gdk-pixbuf-sys",
 "gdk-sys",
 "gio-sys",
 "glib-sys",
 "gobject-sys",
 "gtk-sys",
 "libc",
 "pkg-config",
]

[[package]]
name = "gtk-sys"
version = "0.4.0"
source = "registry+https://github.com/rust-lang/crates.io-index"
checksum = "854b56ce6d6b05945f7735651482835c5ac1f8582142ce67306726259a3dafb0"
dependencies = [
 "atk-sys",
 "bitflags",
 "cairo-sys-rs",
 "gdk-pixbuf-sys",
 "gdk-sys",
 "gio-sys",
 "glib-sys",
 "gobject-sys",
 "libc",
 "pango-sys",
 "pkg-config",
]

[[package]]
name = "lazy_static"
version = "0.2.11"
source = "registry+https://github.com/rust-lang/crates.io-index"
checksum = "76f033c7ad61445c5b347c7382dd1237847eb1bce590fe50365dcb33d546be73"

[[package]]
name = "libc"
version = "0.2.68"
source = "registry+https://github.com/rust-lang/crates.io-index"
checksum = "dea0c0405123bba743ee3f91f49b1c7cfb684eef0da0a50110f758ccf24cdff0"

[[package]]
name = "pango"
version = "0.2.0"
source = "registry+https://github.com/rust-lang/crates.io-index"
checksum = "5afa4b4c5380315b12075e7767d9bdd62d53beeb6087d9287ef6990e57a6b643"
dependencies = [
 "bitflags",
 "glib",
 "glib-sys",
 "gobject-sys",
 "libc",
 "pango-sys",
]

[[package]]
name = "pango-sys"
version = "0.4.0"
source = "registry+https://github.com/rust-lang/crates.io-index"
checksum = "e6ec8d90306b5ff43f5836f4363267ea95be02b3df71d2b31ba8fbb1680bdee1"
dependencies = [
 "bitflags",
 "glib-sys",
 "gobject-sys",
 "libc",
 "pkg-config",
]

[[package]]
name = "pkg-config"
version = "0.3.17"
source = "registry+https://github.com/rust-lang/crates.io-index"
checksum = "05da548ad6865900e60eaba7f589cc0783590a92e940c26953ff81ddbab2d677"

[[package]]
name = "sourceview"
version = "0.2.1"
source = "registry+https://github.com/rust-lang/crates.io-index"
checksum = "9638cbbf601a4dbaae02ab3bab018b143fa386c17e8d93e368086a23db81e3b2"
dependencies = [
 "bitflags",
 "cairo-rs",
 "gdk",
 "gdk-pixbuf",
 "gdk-pixbuf-sys",
 "gdk-sys",
 "gio",
 "glib",
 "glib-sys",
 "gobject-sys",
 "gtk",
 "gtk-source-sys",
 "gtk-sys",
 "libc",
 "pango",
]

[[package]]
name = "tiny-keccak"
version = "1.5.0"
source = "registry+https://github.com/rust-lang/crates.io-index"
checksum = "1d8a021c69bb74a44ccedb824a046447e2c84a01df9e5c20779750acb38e11b2"
dependencies = [
 "crunchy",
]

[[package]]
name = "winapi"
version = "0.2.8"
source = "registry+https://github.com/rust-lang/crates.io-index"
checksum = "167dc9d6949a9b857f3451275e911c3f44255842c1f7a76f33c55103a909087a"
